
Microsoft Visual Studio Solution File, Format Version 12.00
# Visual Studio Version 16
VisualStudioVersion = 16.0.29102.190
MinimumVisualStudioVersion = 10.0.40219.1
Project("{FAE04EC0-301F-11D3-BF4B-00C04F79EFBC}") = "OOPProductsServicesProject", "OOPProductsServicesProject\OOPProductsServicesProject.csproj", "{CF756F4E-D9E1-43C8-8C0D-89700D674A2A}"
EndProject
Global
	GlobalSection(SolutionConfigurationPlatforms) = preSolution
		Debug|Any CPU = Debug|Any CPU
		Release|Any CPU = Release|Any CPU
	EndGlobalSection
	GlobalSection(ProjectConfigurationPlatforms) = postSolution
		{CF756F4E-D9E1-43C8-8C0D-89700D674A2A}.Debug|Any CPU.ActiveCfg = Debug|Any CPU
		{CF756F4E-D9E1-43C8-8C0D-89700D674A2A}.Debug|Any CPU.Build.0 = Debug|Any CPU
		{CF756F4E-D9E1-43C8-8C0D-89700D674A2A}.Release|Any CPU.ActiveCfg = Release|Any CPU
		{CF756F4E-D9E1-43C8-8C0D-89700D674A2A}.Release|Any CPU.Build.0 = Release|Any CPU
	EndGlobalSection
	GlobalSection(SolutionProperties) = preSolution
		HideSolutionNode = FALSE
	EndGlobalSection
	GlobalSection(ExtensibilityGlobals) = postSolution
		SolutionGuid = {78546406-B31D-46E7-B9A6-8900D7D23884}
	EndGlobalSection
EndGlobal
